
Microsoft Visual Studio Solution File, Format Version 12.00
# Visual Studio 15
VisualStudioVersion = 15.0.26730.16
MinimumVisualStudioVersion = 10.0.40219.1
Project("{FAE04EC0-301F-11D3-BF4B-00C04F79EFBC}") = "registration", "registration\registration.csproj", "{EC758796-499D-4B94-A0AF-FA04EAE05B0D}"
EndProject
Global
	GlobalSection(SolutionConfigurationPlatforms) = preSolution
		Debug|Any CPU = Debug|Any CPU
		Release|Any CPU = Release|Any CPU
	EndGlobalSection
	GlobalSection(ProjectConfigurationPlatforms) = postSolution
		{EC758796-499D-4B94-A0AF-FA04EAE05B0D}.Debug|Any CPU.ActiveCfg = Debug|Any CPU
		{EC758796-499D-4B94-A0AF-FA04EAE05B0D}.Debug|Any CPU.Build.0 = Debug|Any CPU
		{EC758796-499D-4B94-A0AF-FA04EAE05B0D}.Release|Any CPU.ActiveCfg = Release|Any CPU
		{EC758796-499D-4B94-A0AF-FA04EAE05B0D}.Release|Any CPU.Build.0 = Release|Any CPU
	EndGlobalSection
	GlobalSection(SolutionProperties) = preSolution
		HideSolutionNode = FALSE
	EndGlobalSection
	GlobalSection(ExtensibilityGlobals) = postSolution
		SolutionGuid = {75F12359-A886-4C7E-9398-30B850BA6F8E}
	EndGlobalSection
EndGlobal
